<?xml version="1.0" encoding="utf-8"?>
<Project ToolsVersion="4.0" xmlns="http://schemas.microsoft.com/developer/msbuild/2003">
  <ItemGroup>
    <Filter Include="Source Files">
      <UniqueIdentifier>{4FC737F1-C7A5-4376-A066-2A32D752A2FF}</UniqueIdentifier>
      <Extensions>cpp;c;cc;cxx;c++;cppm;ixx;def;odl;idl;hpj;bat;asm;asmx</Extensions>
    </Filter>
    <Filter Include="Header Files">
      <UniqueIdentifier>{93995380-89BD-4b04-88EB-625FBE52EBFB}</UniqueIdentifier>
      <Extensions>h;hh;hpp;hxx;h++;hm;inl;inc;ipp;xsd</Extensions>
    </Filter>
    <Filter Include="Resource Files">
      <UniqueIdentifier>{67DA6AB6-F800-4c08-8B7A-83BB121AAD01}</UniqueIdentifier>
      <Extensions>rc;ico;cur;bmp;dlg;rc2;rct;bin;rgs;gif;jpg;jpeg;jpe;resx;tiff;tif;png;wav;mfcribbon-ms</Extensions>
    </Filter>
    <Filter Include="inputs">
      <UniqueIdentifier>{7796222d-832f-4dc3-9925-57f483296684}</UniqueIdentifier>
    </Filter>
  </ItemGroup>
  <ItemGroup>
    <ClCompile Include="AdventofCode2023.cpp">
      <Filter>Source Files</Filter>
    </ClCompile>
    <ClCompile Include="Day1.cpp">
      <Filter>Source Files</Filter>
    </ClCompile>
    <ClCompile Include="Day2.cpp">
      <Filter>Source Files</Filter>
    </ClCompile>
    <ClCompile Include="Day3.cpp">
      <Filter>Source Files</Filter>
    </ClCompile>
    <ClCompile Include="Day4.cpp">
      <Filter>Source Files</Filter>
    </ClCompile>
    <ClCompile Include="Day5.cpp">
      <Filter>Source Files</Filter>
    </ClCompile>
    <ClCompile Include="Day6.cpp">
      <Filter>Source Files</Filter>
    </ClCompile>
    <ClCompile Include="Day7.cpp">
      <Filter>Source Files</Filter>
    </ClCompile>
    <ClCompile Include="Day8.cpp">
      <Filter>Source Files</Filter>
    </ClCompile>
    <ClCompile Include="Day9.cpp">
      <Filter>Source Files</Filter>
    </ClCompile>
    <ClCompile Include="Day10.cpp">
      <Filter>Source Files</Filter>
    </ClCompile>
  </ItemGroup>
  <ItemGroup>
    <Text Include="inputs\day1input.txt">
      <Filter>inputs</Filter>
    </Text>
    <Text Include="inputs\day2input.txt">
      <Filter>inputs</Filter>
    </Text>
    <Text Include="inputs\day3input.txt">
      <Filter>inputs</Filter>
    </Text>
    <Text Include="inputs\day4input.txt">
      <Filter>inputs</Filter>
    </Text>
    <Text Include="inputs\day5input.txt">
      <Filter>inputs</Filter>
    </Text>
    <Text Include="inputs\day6input.txt">
      <Filter>inputs</Filter>
    </Text>
    <Text Include="inputs\day7input.txt">
      <Filter>inputs</Filter>
    </Text>
    <Text Include="inputs\day8input.txt">
      <Filter>inputs</Filter>
    </Text>
    <Text Include="inputs\day9input.txt">
      <Filter>inputs</Filter>
    </Text>
    <Text Include="inputs\day10input.txt">
      <Filter>inputs</Filter>
    </Text>
  </ItemGroup>
  <ItemGroup>
    <ClInclude Include="headers\Day1.h">
      <Filter>Header Files</Filter>
    </ClInclude>
    <ClInclude Include="headers\Day2.h">
      <Filter>Header Files</Filter>
    </ClInclude>
    <ClInclude Include="headers\Day3.h">
      <Filter>Header Files</Filter>
    </ClInclude>
    <ClInclude Include="headers\Day4.h">
      <Filter>Header Files</Filter>
    </ClInclude>
    <ClInclude Include="headers\Day5.h">
      <Filter>Header Files</Filter>
    </ClInclude>
    <ClInclude Include="headers\Day6.h">
      <Filter>Header Files</Filter>
    </ClInclude>
    <ClInclude Include="headers\Day7.h">
      <Filter>Header Files</Filter>
    </ClInclude>
    <ClInclude Include="headers\Day8.h">
      <Filter>Header Files</Filter>
    </ClInclude>
    <ClInclude Include="headers\Day9.h">
      <Filter>Header Files</Filter>
    </ClInclude>
    <ClInclude Include="headers\Day10.h">
      <Filter>Header Files</Filter>
    </ClInclude>
  </ItemGroup>
  <ItemGroup>
    <Image Include="screenshots\ssday3.png">
      <Filter>Resource Files</Filter>
    </Image>
  </ItemGroup>
</Project>